// !$*UTF8*$!
{
	archiveVersion = 1;
	classes = {
	};
	objectVersion = 50;
	objects = {

/* Begin PBXBuildFile section */
		C44155A026A6D1240094062E /* KitUI.framework in Frameworks */ = {isa = PBXBuildFile; fileRef = C441559F26A6D1240094062E /* KitUI.framework */; };
		C44155A126A6D1240094062E /* KitUI.framework in Embed Frameworks */ = {isa = PBXBuildFile; fileRef = C441559F26A6D1240094062E /* KitUI.framework */; settings = {ATTRIBUTES = (CodeSignOnCopy, RemoveHeadersOnCopy, ); }; };
		C44155A526A6D13C0094062E /* SPReceiptVC.swift in Sources */ = {isa = PBXBuildFile; fileRef = C44155A326A6D13C0094062E /* SPReceiptVC.swift */; };
		C44155A626A6D13C0094062E /* SPCustomButton.swift in Sources */ = {isa = PBXBuildFile; fileRef = C44155A426A6D13C0094062E /* SPCustomButton.swift */; };
		C451F20F26A6D0B300500FF9 /* AppDelegate.swift in Sources */ = {isa = PBXBuildFile; fileRef = C451F20E26A6D0B300500FF9 /* AppDelegate.swift */; };
		C451F21126A6D0B300500FF9 /* SceneDelegate.swift in Sources */ = {isa = PBXBuildFile; fileRef = C451F21026A6D0B300500FF9 /* SceneDelegate.swift */; };
		C451F21326A6D0B300500FF9 /* ViewController.swift in Sources */ = {isa = PBXBuildFile; fileRef = C451F21226A6D0B300500FF9 /* ViewController.swift */; };
		C451F21626A6D0B300500FF9 /* Main.storyboard in Resources */ = {isa = PBXBuildFile; fileRef = C451F21426A6D0B300500FF9 /* Main.storyboard */; };
		C451F21826A6D0B400500FF9 /* Assets.xcassets in Resources */ = {isa = PBXBuildFile; fileRef = C451F21726A6D0B400500FF9 /* Assets.xcassets */; };
		C451F21B26A6D0B400500FF9 /* LaunchScreen.storyboard in Resources */ = {isa = PBXBuildFile; fileRef = C451F21926A6D0B400500FF9 /* LaunchScreen.storyboard */; };
		C451F22626A6D0B400500FF9 /* ExampleKitUITests.swift in Sources */ = {isa = PBXBuildFile; fileRef = C451F22526A6D0B400500FF9 /* ExampleKitUITests.swift */; };
		C451F23126A6D0B400500FF9 /* ExampleKitUIUITests.swift in Sources */ = {isa = PBXBuildFile; fileRef = C451F23026A6D0B400500FF9 /* ExampleKitUIUITests.swift */; };
/* End PBXBuildFile section */

/* Begin PBXContainerItemProxy section */
		C451F22226A6D0B400500FF9 /* PBXContainerItemProxy */ = {
			isa = PBXContainerItemProxy;
			containerPortal = C451F20326A6D0B300500FF9 /* Project object */;
			proxyType = 1;
			remoteGlobalIDString = C451F20A26A6D0B300500FF9;
			remoteInfo = ExampleKitUI;
		};
		C451F22D26A6D0B400500FF9 /* PBXContainerItemProxy */ = {
			isa = PBXContainerItemProxy;
			containerPortal = C451F20326A6D0B300500FF9 /* Project object */;
			proxyType = 1;
			remoteGlobalIDString = C451F20A26A6D0B300500FF9;
			remoteInfo = ExampleKitUI;
		};
/* End PBXContainerItemProxy section */

/* Begin PBXCopyFilesBuildPhase section */
		C44155A226A6D1240094062E /* Embed Frameworks */ = {
			isa = PBXCopyFilesBuildPhase;
			buildActionMask = 2147483647;
			dstPath = "";
			dstSubfolderSpec = 10;
			files = (
				C44155A126A6D1240094062E /* KitUI.framework in Embed Frameworks */,
			);
			name = "Embed Frameworks";
			runOnlyForDeploymentPostprocessing = 0;
		};
/* End PBXCopyFilesBuildPhase section */

/* Begin PBXFileReference section */
		C441559F26A6D1240094062E /* KitUI.framework */ = {isa = PBXFileReference; explicitFileType = wrapper.framework; path = KitUI.framework; sourceTree = BUILT_PRODUCTS_DIR; };
		C44155A326A6D13C0094062E /* SPReceiptVC.swift */ = {isa = PBXFileReference; fileEncoding = 4; lastKnownFileType = sourcecode.swift; path = SPReceiptVC.swift; sourceTree = "<group>"; };
		C44155A426A6D13C0094062E /* SPCustomButton.swift */ = {isa = PBXFileReference; fileEncoding = 4; lastKnownFileType = sourcecode.swift; path = SPCustomButton.swift; sourceTree = "<group>"; };
		C451F20B26A6D0B300500FF9 /* ExampleKitUI.app */ = {isa = PBXFileReference; explicitFileType = wrapper.application; includeInIndex = 0; path = ExampleKitUI.app; sourceTree = BUILT_PRODUCTS_DIR; };
		C451F20E26A6D0B300500FF9 /* AppDelegate.swift */ = {isa = PBXFileReference; lastKnownFileType = sourcecode.swift; path = AppDelegate.swift; sourceTree = "<group>"; };
		C451F21026A6D0B300500FF9 /* SceneDelegate.swift */ = {isa = PBXFileReference; lastKnownFileType = sourcecode.swift; path = SceneDelegate.swift; sourceTree = "<group>"; };
		C451F21226A6D0B300500FF9 /* ViewController.swift */ = {isa = PBXFileReference; lastKnownFileType = sourcecode.swift; path = ViewController.swift; sourceTree = "<group>"; };
		C451F21526A6D0B300500FF9 /* Base */ = {isa = PBXFileReference; lastKnownFileType = file.storyboard; name = Base; path = Base.lproj/Main.storyboard; sourceTree = "<group>"; };
		C451F21726A6D0B400500FF9 /* Assets.xcassets */ = {isa = PBXFileReference; lastKnownFileType = folder.assetcatalog; path = Assets.xcassets; sourceTree = "<group>"; };
		C451F21A26A6D0B400500FF9 /* Base */ = {isa = PBXFileReference; lastKnownFileType = file.storyboard; name = Base; path = Base.lproj/LaunchScreen.storyboard; sourceTree = "<group>"; };
		C451F21C26A6D0B400500FF9 /* Info.plist */ = {isa = PBXFileReference; lastKnownFileType = text.plist.xml; path = Info.plist; sourceTree = "<group>"; };
		C451F22126A6D0B400500FF9 /* ExampleKitUITests.xctest */ = {isa = PBXFileReference; explicitFileType = wrapper.cfbundle; includeInIndex = 0; path = ExampleKitUITests.xctest; sourceTree = BUILT_PRODUCTS_DIR; };
		C451F22526A6D0B400500FF9 /* ExampleKitUITests.swift */ = {isa = PBXFileReference; lastKnownFileType = sourcecode.swift; path = ExampleKitUITests.swift; sourceTree = "<group>"; };
		C451F22726A6D0B400500FF9 /* Info.plist */ = {isa = PBXFileReference; lastKnownFileType = text.plist.xml; path = Info.plist; sourceTree = "<group>"; };
		C451F22C26A6D0B400500FF9 /* ExampleKitUIUITests.xctest */ = {isa = PBXFileReference; explicitFileType = wrapper.cfbundle; includeInIndex = 0; path = ExampleKitUIUITests.xctest; sourceTree = BUILT_PRODUCTS_DIR; };
		C451F23026A6D0B400500FF9 /* ExampleKitUIUITests.swift */ = {isa = PBXFileReference; lastKnownFileType = sourcecode.swift; path = ExampleKitUIUITests.swift; sourceTree = "<group>"; };
		C451F23226A6D0B400500FF9 /* Info.plist */ = {isa = PBXFileReference; lastKnownFileType = text.plist.xml; path = Info.plist; sourceTree = "<group>"; };
/* End PBXFileReference section */

/* Begin PBXFrameworksBuildPhase section */
		C451F20826A6D0B300500FF9 /* Frameworks */ = {
			isa = PBXFrameworksBuildPhase;
			buildActionMask = 2147483647;
			files = (
				C44155A026A6D1240094062E /* KitUI.framework in Frameworks */,
			);
			runOnlyForDeploymentPostprocessing = 0;
		};
		C451F21E26A6D0B400500FF9 /* Frameworks */ = {
			isa = PBXFrameworksBuildPhase;
			buildActionMask = 2147483647;
			files = (
			);
			runOnlyForDeploymentPostprocessing = 0;
		};
		C451F22926A6D0B400500FF9 /* Frameworks */ = {
			isa = PBXFrameworksBuildPhase;
			buildActionMask = 2147483647;
			files = (
			);
			runOnlyForDeploymentPostprocessing = 0;
		};
/* End PBXFrameworksBuildPhase section */

/* Begin PBXGroup section */
		C441559E26A6D1240094062E /* Frameworks */ = {
			isa = PBXGroup;
			children = (
				C441559F26A6D1240094062E /* KitUI.framework */,
			);
			name = Frameworks;
			sourceTree = "<group>";
		};
		C451F20226A6D0B300500FF9 = {
			isa = PBXGroup;
			children = (
				C451F20D26A6D0B300500FF9 /* ExampleKitUI */,
				C451F22426A6D0B400500FF9 /* ExampleKitUITests */,
				C451F22F26A6D0B400500FF9 /* ExampleKitUIUITests */,
				C451F20C26A6D0B300500FF9 /* Products */,
				C441559E26A6D1240094062E /* Frameworks */,
			);
			sourceTree = "<group>";
		};
		C451F20C26A6D0B300500FF9 /* Products */ = {
			isa = PBXGroup;
			children = (
				C451F20B26A6D0B300500FF9 /* ExampleKitUI.app */,
				C451F22126A6D0B400500FF9 /* ExampleKitUITests.xctest */,
				C451F22C26A6D0B400500FF9 /* ExampleKitUIUITests.xctest */,
			);
			name = Products;
			sourceTree = "<group>";
		};
		C451F20D26A6D0B300500FF9 /* ExampleKitUI */ = {
			isa = PBXGroup;
			children = (
				C451F20E26A6D0B300500FF9 /* AppDelegate.swift */,
				C451F21026A6D0B300500FF9 /* SceneDelegate.swift */,
				C451F21226A6D0B300500FF9 /* ViewController.swift */,
				C44155A426A6D13C0094062E /* SPCustomButton.swift */,
				C44155A326A6D13C0094062E /* SPReceiptVC.swift */,
				C451F21426A6D0B300500FF9 /* Main.storyboard */,
				C451F21726A6D0B400500FF9 /* Assets.xcassets */,
				C451F21926A6D0B400500FF9 /* LaunchScreen.storyboard */,
				C451F21C26A6D0B400500FF9 /* Info.plist */,
			);
			path = ExampleKitUI;
			sourceTree = "<group>";
		};
		C451F22426A6D0B400500FF9 /* ExampleKitUITests */ = {
			isa = PBXGroup;
			children = (
				C451F22526A6D0B400500FF9 /* ExampleKitUITests.swift */,
				C451F22726A6D0B400500FF9 /* Info.plist */,
			);
			path = ExampleKitUITests;
			sourceTree = "<group>";
		};
		C451F22F26A6D0B400500FF9 /* ExampleKitUIUITests */ = {
			isa = PBXGroup;
			children = (
				C451F23026A6D0B400500FF9 /* ExampleKitUIUITests.swift */,
				C451F23226A6D0B400500FF9 /* Info.plist */,
			);
			path = ExampleKitUIUITests;
			sourceTree = "<group>";
		};
/* End PBXGroup section */

/* Begin PBXNativeTarget section */
		C451F20A26A6D0B300500FF9 /* ExampleKitUI */ = {
			isa = PBXNativeTarget;
			buildConfigurationList = C451F23526A6D0B400500FF9 /* Build configuration list for PBXNativeTarget "ExampleKitUI" */;
			buildPhases = (
				C451F20726A6D0B300500FF9 /* Sources */,
				C451F20826A6D0B300500FF9 /* Frameworks */,
				C451F20926A6D0B300500FF9 /* Resources */,
				C44155A226A6D1240094062E /* Embed Frameworks */,
			);
			buildRules = (
			);
			dependencies = (
			);
			name = ExampleKitUI;
			productName = ExampleKitUI;
			productReference = C451F20B26A6D0B300500FF9 /* ExampleKitUI.app */;
			productType = "com.apple.product-type.application";
		};
		C451F22026A6D0B400500FF9 /* ExampleKitUITests */ = {
			isa = PBXNativeTarget;
			buildConfigurationList = C451F23826A6D0B400500FF9 /* Build configuration list for PBXNativeTarget "ExampleKitUITests" */;
			buildPhases = (
				C451F21D26A6D0B400500FF9 /* Sources */,
				C451F21E26A6D0B400500FF9 /* Frameworks */,
				C451F21F26A6D0B400500FF9 /* Resources */,
			);
			buildRules = (
			);
			dependencies = (
				C451F22326A6D0B400500FF9 /* PBXTargetDependency */,
			);
			name = ExampleKitUITests;
			productName = ExampleKitUITests;
			productReference = C451F22126A6D0B400500FF9 /* ExampleKitUITests.xctest */;
			productType = "com.apple.product-type.bundle.unit-test";
		};
		C451F22B26A6D0B400500FF9 /* ExampleKitUIUITests */ = {
			isa = PBXNativeTarget;
			buildConfigurationList = C451F23B26A6D0B400500FF9 /* Build configuration list for PBXNativeTarget "ExampleKitUIUITests" */;
			buildPhases = (
				C451F22826A6D0B400500FF9 /* Sources */,
				C451F22926A6D0B400500FF9 /* Frameworks */,
				C451F22A26A6D0B400500FF9 /* Resources */,
			);
			buildRules = (
			);
			dependencies = (
				C451F22E26A6D0B400500FF9 /* PBXTargetDependency */,
			);
			name = ExampleKitUIUITests;
			productName = ExampleKitUIUITests;
			productReference = C451F22C26A6D0B400500FF9 /* ExampleKitUIUITests.xctest */;
			productType = "com.apple.product-type.bundle.ui-testing";
		};
/* End PBXNativeTarget section */

/* Begin PBXProject section */
		C451F20326A6D0B300500FF9 /* Project object */ = {
			isa = PBXProject;
			attributes = {
				LastSwiftUpdateCheck = 1250;
				LastUpgradeCheck = 1250;
				TargetAttributes = {
					C451F20A26A6D0B300500FF9 = {
						CreatedOnToolsVersion = 12.5;
					};
					C451F22026A6D0B400500FF9 = {
						CreatedOnToolsVersion = 12.5;
						TestTargetID = C451F20A26A6D0B300500FF9;
					};
					C451F22B26A6D0B400500FF9 = {
						CreatedOnToolsVersion = 12.5;
						TestTargetID = C451F20A26A6D0B300500FF9;
					};
				};
			};
			buildConfigurationList = C451F20626A6D0B300500FF9 /* Build configuration list for PBXProject "ExampleKitUI" */;
			compatibilityVersion = "Xcode 9.3";
			developmentRegion = en;
			hasScannedForEncodings = 0;
			knownRegions = (
				en,
				Base,
			);
			mainGroup = C451F20226A6D0B300500FF9;
			productRefGroup = C451F20C26A6D0B300500FF9 /* Products */;
			projectDirPath = "";
			projectRoot = "";
			targets = (
				C451F20A26A6D0B300500FF9 /* ExampleKitUI */,
				C451F22026A6D0B400500FF9 /* ExampleKitUITests */,
				C451F22B26A6D0B400500FF9 /* ExampleKitUIUITests */,
			);
		};
/* End PBXProject section */

/* Begin PBXResourcesBuildPhase section */
		C451F20926A6D0B300500FF9 /* Resources */ = {
			isa = PBXResourcesBuildPhase;
			buildActionMask = 2147483647;
			files = (
				C451F21B26A6D0B400500FF9 /* LaunchScreen.storyboard in Resources */,
				C451F21826A6D0B400500FF9 /* Assets.xcassets in Resources */,
				C451F21626A6D0B300500FF9 /* Main.storyboard in Resources */,
			);
			runOnlyForDeploymentPostprocessing = 0;
		};
		C451F21F26A6D0B400500FF9 /* Resources */ = {
			isa = PBXResourcesBuildPhase;
			buildActionMask = 2147483647;
			files = (
			);
			runOnlyForDeploymentPostprocessing = 0;
		};
		C451F22A26A6D0B400500FF9 /* Resources */ = {
			isa = PBXResourcesBuildPhase;
			buildActionMask = 2147483647;
			files = (
			);
			runOnlyForDeploymentPostprocessing = 0;
		};
/* End PBXResourcesBuildPhase section */

/* Begin PBXSourcesBuildPhase section */
		C451F20726A6D0B300500FF9 /* Sources */ = {
			isa = PBXSourcesBuildPhase;
			buildActionMask = 2147483647;
			files = (
				C44155A526A6D13C0094062E /* SPReceiptVC.swift in Sources */,
				C44155A626A6D13C0094062E /* SPCustomButton.swift in Sources */,
				C451F21326A6D0B300500FF9 /* ViewController.swift in Sources */,
				C451F20F26A6D0B300500FF9 /* AppDelegate.swift in Sources */,
				C451F21126A6D0B300500FF9 /* SceneDelegate.swift in Sources */,
			);
			runOnlyForDeploymentPostprocessing = 0;
		};
		C451F21D26A6D0B400500FF9 /* Sources */ = {
			isa = PBXSourcesBuildPhase;
			buildActionMask = 2147483647;
			files = (
				C451F22626A6D0B400500FF9 /* ExampleKitUITests.swift in Sources */,
			);
			runOnlyForDeploymentPostprocessing = 0;
		};
		C451F22826A6D0B400500FF9 /* Sources */ = {
			isa = PBXSourcesBuildPhase;
			buildActionMask = 2147483647;
			files = (
				C451F23126A6D0B400500FF9 /* ExampleKitUIUITests.swift in Sources */,
			);
			runOnlyForDeploymentPostprocessing = 0;
		};
/* End PBXSourcesBuildPhase section */

/* Begin PBXTargetDependency section */
		C451F22326A6D0B400500FF9 /* PBXTargetDependency */ = {
			isa = PBXTargetDependency;
			target = C451F20A26A6D0B300500FF9 /* ExampleKitUI */;
			targetProxy = C451F22226A6D0B400500FF9 /* PBXContainerItemProxy */;
		};
		C451F22E26A6D0B400500FF9 /* PBXTargetDependency */ = {
			isa = PBXTargetDependency;
			target = C451F20A26A6D0B300500FF9 /* ExampleKitUI */;
			targetProxy = C451F22D26A6D0B400500FF9 /* PBXContainerItemProxy */;
		};
/* End PBXTargetDependency section */

/* Begin PBXVariantGroup section */
		C451F21426A6D0B300500FF9 /* Main.storyboard */ = {
			isa = PBXVariantGroup;
			children = (
				C451F21526A6D0B300500FF9 /* Base */,
			);
			name = Main.storyboard;
			sourceTree = "<group>";
		};
		C451F21926A6D0B400500FF9 /* LaunchScreen.storyboard */ = {
			isa = PBXVariantGroup;
			children = (
				C451F21A26A6D0B400500FF9 /* Base */,
			);
			name = LaunchScreen.storyboard;
			sourceTree = "<group>";
		};
/* End PBXVariantGroup section */

/* Begin XCBuildConfiguration section */
		C451F23326A6D0B400500FF9 /* Debug */ = {
			isa = XCBuildConfiguration;
			buildSettings = {
				ALWAYS_SEARCH_USER_PATHS = NO;
				CLANG_ANALYZER_NONNULL = YES;
				CLANG_ANALYZER_NUMBER_OBJECT_CONVERSION = YES_AGGRESSIVE;
				CLANG_CXX_LANGUAGE_STANDARD = "gnu++14";
				CLANG_CXX_LIBRARY = "libc++";
				CLANG_ENABLE_MODULES = YES;
				CLANG_ENABLE_OBJC_ARC = YES;
				CLANG_ENABLE_OBJC_WEAK = YES;
				CLANG_WARN_BLOCK_CAPTURE_AUTORELEASING = YES;
				CLANG_WARN_BOOL_CONVERSION = YES;
				CLANG_WARN_COMMA = YES;
				CLANG_WARN_CONSTANT_CONVERSION = YES;
				CLANG_WARN_DEPRECATED_OBJC_IMPLEMENTATIONS = YES;
				CLANG_WARN_DIRECT_OBJC_ISA_USAGE = YES_ERROR;
				CLANG_WARN_DOCUMENTATION_COMMENTS = YES;
				CLANG_WARN_EMPTY_BODY = YES;
				CLANG_WARN_ENUM_CONVERSION = YES;
				CLANG_WARN_INFINITE_RECURSION = YES;
				CLANG_WARN_INT_CONVERSION = YES;
				CLANG_WARN_NON_LITERAL_NULL_CONVERSION = YES;
				CLANG_WARN_OBJC_IMPLICIT_RETAIN_SELF = YES;
				CLANG_WARN_OBJC_LITERAL_CONVERSION = YES;
				CLANG_WARN_OBJC_ROOT_CLASS = YES_ERROR;
				CLANG_WARN_QUOTED_INCLUDE_IN_FRAMEWORK_HEADER = YES;
				CLANG_WARN_RANGE_LOOP_ANALYSIS = YES;
				CLANG_WARN_STRICT_PROTOTYPES = YES;
				CLANG_WARN_SUSPICIOUS_MOVE = YES;
				CLANG_WARN_UNGUARDED_AVAILABILITY = YES_AGGRESSIVE;
				CLANG_WARN_UNREACHABLE_CODE = YES;
				CLANG_WARN__DUPLICATE_METHOD_MATCH = YES;
				COPY_PHASE_STRIP = NO;
				DEBUG_INFORMATION_FORMAT = dwarf;
				ENABLE_STRICT_OBJC_MSGSEND = YES;
				ENABLE_TESTABILITY = YES;
				GCC_C_LANGUAGE_STANDARD = gnu11;
				GCC_DYNAMIC_NO_PIC = NO;
				GCC_NO_COMMON_BLOCKS = YES;
				GCC_OPTIMIZATION_LEVEL = 0;
				GCC_PREPROCESSOR_DEFINITIONS = (
					"DEBUG=1",
					"$(inherited)",
				);
				GCC_WARN_64_TO_32_BIT_CONVERSION = YES;
				GCC_WARN_ABOUT_RETURN_TYPE = YES_ERROR;
				GCC_WARN_UNDECLARED_SELECTOR = YES;
				GCC_WARN_UNINITIALIZED_AUTOS = YES_AGGRESSIVE;
				GCC_WARN_UNUSED_FUNCTION = YES;
				GCC_WARN_UNUSED_VARIABLE = YES;
				IPHONEOS_DEPLOYMENT_TARGET = 14.5;
				MTL_ENABLE_DEBUG_INFO = INCLUDE_SOURCE;
				MTL_FAST_MATH = YES;
				ONLY_ACTIVE_ARCH = YES;
				SDKROOT = iphoneos;
				SWIFT_ACTIVE_COMPILATION_CONDITIONS = DEBUG;
				SWIFT_OPTIMIZATION_LEVEL = "-Onone";
			};
			name = Debug;
		};
		C451F23426A6D0B400500FF9 /* Release */ = {
			isa = XCBuildConfiguration;
			buildSettings = {
				ALWAYS_SEARCH_USER_PATHS = NO;
				CLANG_ANALYZER_NONNULL = YES;
				CLANG_ANALYZER_NUMBER_OBJECT_CONVERSION = YES_AGGRESSIVE;
				CLANG_CXX_LANGUAGE_STANDARD = "gnu++14";
				CLANG_CXX_LIBRARY = "libc++";
				CLANG_ENABLE_MODULES = YES;
				CLANG_ENABLE_OBJC_ARC = YES;
				CLANG_ENABLE_OBJC_WEAK = YES;
				CLANG_WARN_BLOCK_CAPTURE_AUTORELEASING = YES;
				CLANG_WARN_BOOL_CONVERSION = YES;
				CLANG_WARN_COMMA = YES;
				CLANG_WARN_CONSTANT_CONVERSION = YES;
				CLANG_WARN_DEPRECATED_OBJC_IMPLEMENTATIONS = YES;
				CLANG_WARN_DIRECT_OBJC_ISA_USAGE = YES_ERROR;
				CLANG_WARN_DOCUMENTATION_COMMENTS = YES;
				CLANG_WARN_EMPTY_BODY = YES;
				CLANG_WARN_ENUM_CONVERSION = YES;
				CLANG_WARN_INFINITE_RECURSION = YES;
				CLANG_WARN_INT_CONVERSION = YES;
				CLANG_WARN_NON_LITERAL_NULL_CONVERSION = YES;
				CLANG_WARN_OBJC_IMPLICIT_RETAIN_SELF = YES;
				CLANG_WARN_OBJC_LITERAL_CONVERSION = YES;
				CLANG_WARN_OBJC_ROOT_CLASS = YES_ERROR;
				CLANG_WARN_QUOTED_INCLUDE_IN_FRAMEWORK_HEADER = YES;
				CLANG_WARN_RANGE_LOOP_ANALYSIS = YES;
				CLANG_WARN_STRICT_PROTOTYPES = YES;
				CLANG_WARN_SUSPICIOUS_MOVE = YES;
				CLANG_WARN_UNGUARDED_AVAILABILITY = YES_AGGRESSIVE;
				CLANG_WARN_UNREACHABLE_CODE = YES;
				CLANG_WARN__DUPLICATE_METHOD_MATCH = YES;
				COPY_PHASE_STRIP = NO;
				DEBUG_INFORMATION_FORMAT = "dwarf-with-dsym";
				ENABLE_NS_ASSERTIONS = NO;
				ENABLE_STRICT_OBJC_MSGSEND = YES;
				GCC_C_LANGUAGE_STANDARD = gnu11;
				GCC_NO_COMMON_BLOCKS = YES;
				GCC_WARN_64_TO_32_BIT_CONVERSION = YES;
				GCC_WARN_ABOUT_RETURN_TYPE = YES_ERROR;
				GCC_WARN_UNDECLARED_SELECTOR = YES;
				GCC_WARN_UNINITIALIZED_AUTOS = YES_AGGRESSIVE;
				GCC_WARN_UNUSED_FUNCTION = YES;
				GCC_WARN_UNUSED_VARIABLE = YES;
				IPHONEOS_DEPLOYMENT_TARGET = 14.5;
				MTL_ENABLE_DEBUG_INFO = NO;
				MTL_FAST_MATH = YES;
				SDKROOT = iphoneos;
				SWIFT_COMPILATION_MODE = wholemodule;
				SWIFT_OPTIMIZATION_LEVEL = "-O";
				VALIDATE_PRODUCT = YES;
			};
			name = Release;
		};
		C451F23626A6D0B400500FF9 /* Debug */ = {
			isa = XCBuildConfiguration;
			buildSettings = {
				ASSETCATALOG_COMPILER_APPICON_NAME = AppIcon;
				ASSETCATALOG_COMPILER_GLOBAL_ACCENT_COLOR_NAME = AccentColor;
				CODE_SIGN_STYLE = Automatic;
				INFOPLIST_FILE = ExampleKitUI/Info.plist;
				LD_RUNPATH_SEARCH_PATHS = (
					"$(inherited)",
					"@executable_path/Frameworks",
				);
				PRODUCT_BUNDLE_IDENTIFIER = com.farhad.ExampleKitUI;
				PRODUCT_NAME = "$(TARGET_NAME)";
				SWIFT_VERSION = 5.0;
				TARGETED_DEVICE_FAMILY = "1,2";
			};
			name = Debug;
		};
		C451F23726A6D0B400500FF9 /* Release */ = {
			isa = XCBuildConfiguration;
			buildSettings = {
				ASSETCATALOG_COMPILER_APPICON_NAME = AppIcon;
				ASSETCATALOG_COMPILER_GLOBAL_ACCENT_COLOR_NAME = AccentColor;
				CODE_SIGN_STYLE = Automatic;
				INFOPLIST_FILE = ExampleKitUI/Info.plist;
				LD_RUNPATH_SEARCH_PATHS = (
					"$(inherited)",
					"@executable_path/Frameworks",
				);
				PRODUCT_BUNDLE_IDENTIFIER = com.farhad.ExampleKitUI;
				PRODUCT_NAME = "$(TARGET_NAME)";
				SWIFT_VERSION = 5.0;
				TARGETED_DEVICE_FAMILY = "1,2";
			};
			name = Release;
		};
		C451F23926A6D0B400500FF9 /* Debug */ = {
			isa = XCBuildConfiguration;
			buildSettings = {
				ALWAYS_EMBED_SWIFT_STANDARD_LIBRARIES = YES;
				BUNDLE_LOADER = "$(TEST_HOST)";
				CODE_SIGN_STYLE = Automatic;
				INFOPLIST_FILE = ExampleKitUITests/Info.plist;
				IPHONEOS_DEPLOYMENT_TARGET = 14.5;
				LD_RUNPATH_SEARCH_PATHS = (
					"$(inherited)",
					"@executable_path/Frameworks",
					"@loader_path/Frameworks",
				);
				PRODUCT_BUNDLE_IDENTIFIER = com.farhad.ExampleKitUITests;
				PRODUCT_NAME = "$(TARGET_NAME)";
				SWIFT_VERSION = 5.0;
				TARGETED_DEVICE_FAMILY = "1,2";
				TEST_HOST = "$(BUILT_PRODUCTS_DIR)/ExampleKitUI.app/ExampleKitUI";
			};
			name = Debug;
		};
		C451F23A26A6D0B400500FF9 /* Release */ = {
			isa = XCBuildConfiguration;
			buildSettings = {
				ALWAYS_EMBED_SWIFT_STANDARD_LIBRARIES = YES;
				BUNDLE_LOADER = "$(TEST_HOST)";
				CODE_SIGN_STYLE = Automatic;
				INFOPLIST_FILE = ExampleKitUITests/Info.plist;
				IPHONEOS_DEPLOYMENT_TARGET = 14.5;
				LD_RUNPATH_SEARCH_PATHS = (
					"$(inherited)",
					"@executable_path/Frameworks",
					"@loader_path/Frameworks",
				);
				PRODUCT_BUNDLE_IDENTIFIER = com.farhad.ExampleKitUITests;
				PRODUCT_NAME = "$(TARGET_NAME)";
				SWIFT_VERSION = 5.0;
				TARGETED_DEVICE_FAMILY = "1,2";
				TEST_HOST = "$(BUILT_PRODUCTS_DIR)/ExampleKitUI.app/ExampleKitUI";
			};
			name = Release;
		};
		C451F23C26A6D0B400500FF9 /* Debug */ = {
			isa = XCBuildConfiguration;
			buildSettings = {
				ALWAYS_EMBED_SWIFT_STANDARD_LIBRARIES = YES;
				CODE_SIGN_STYLE = Automatic;
				INFOPLIST_FILE = ExampleKitUIUITests/Info.plist;
				LD_RUNPATH_SEARCH_PATHS = (
					"$(inherited)",
					"@executable_path/Frameworks",
					"@loader_path/Frameworks",
				);
				PRODUCT_BUNDLE_IDENTIFIER = com.farhad.ExampleKitUIUITests;
				PRODUCT_NAME = "$(TARGET_NAME)";
				SWIFT_VERSION = 5.0;
				TARGETED_DEVICE_FAMILY = "1,2";
				TEST_TARGET_NAME = ExampleKitUI;
			};
			name = Debug;
		};
		C451F23D26A6D0B400500FF9 /* Release */ = {
			isa = XCBuildConfiguration;
			buildSettings = {
				ALWAYS_EMBED_SWIFT_STANDARD_LIBRARIES = YES;
				CODE_SIGN_STYLE = Automatic;
				INFOPLIST_FILE = ExampleKitUIUITests/Info.plist;
				LD_RUNPATH_SEARCH_PATHS = (
					"$(inherited)",
					"@executable_path/Frameworks",
					"@loader_path/Frameworks",
				);
				PRODUCT_BUNDLE_IDENTIFIER = com.farhad.ExampleKitUIUITests;
				PRODUCT_NAME = "$(TARGET_NAME)";
				SWIFT_VERSION = 5.0;
				TARGETED_DEVICE_FAMILY = "1,2";
				TEST_TARGET_NAME = ExampleKitUI;
			};
			name = Release;
		};
/* End XCBuildConfiguration section */

/* Begin XCConfigurationList section */
		C451F20626A6D0B300500FF9 /* Build configuration list for PBXProject "ExampleKitUI" */ = {
			isa = XCConfigurationList;
			buildConfigurations = (
				C451F23326A6D0B400500FF9 /* Debug */,
				C451F23426A6D0B400500FF9 /* Release */,
			);
			defaultConfigurationIsVisible = 0;
			defaultConfigurationName = Release;
		};
		C451F23526A6D0B400500FF9 /* Build configuration list for PBXNativeTarget "ExampleKitUI" */ = {
			isa = XCConfigurationList;
			buildConfigurations = (
				C451F23626A6D0B400500FF9 /* Debug */,
				C451F23726A6D0B400500FF9 /* Release */,
			);
			defaultConfigurationIsVisible = 0;
			defaultConfigurationName = Release;
		};
		C451F23826A6D0B400500FF9 /* Build configuration list for PBXNativeTarget "ExampleKitUITests" */ = {
			isa = XCConfigurationList;
			buildConfigurations = (
				C451F23926A6D0B400500FF9 /* Debug */,
				C451F23A26A6D0B400500FF9 /* Release */,
			);
			defaultConfigurationIsVisible = 0;
			defaultConfigurationName = Release;
		};
		C451F23B26A6D0B400500FF9 /* Build configuration list for PBXNativeTarget "ExampleKitUIUITests" */ = {
			isa = XCConfigurationList;
			buildConfigurations = (
				C451F23C26A6D0B400500FF9 /* Debug */,
				C451F23D26A6D0B400500FF9 /* Release */,
			);
			defaultConfigurationIsVisible = 0;
			defaultConfigurationName = Release;
		};
/* End XCConfigurationList section */
	};
	rootObject = C451F20326A6D0B300500FF9 /* Project object */;
}
